// !$*UTF8*$!
{
	archiveVersion = 1;
	classes = {
	};
	objectVersion = 56;
	objects = {

/* Begin PBXBuildFile section */
		E209B65A2B99E815008E925A /* openapi.yaml in Resources */ = {isa = PBXBuildFile; fileRef = E209B6592B99E815008E925A /* openapi.yaml */; };
		E209B65C2B99E83E008E925A /* openapi-generator-config.yaml in Resources */ = {isa = PBXBuildFile; fileRef = E209B65B2B99E83E008E925A /* openapi-generator-config.yaml */; };
		E209B66E2B99EA56008E925A /* OpenAPIURLSession in Frameworks */ = {isa = PBXBuildFile; productRef = E209B66D2B99EA56008E925A /* OpenAPIURLSession */; };
		E209B6712B99EA5E008E925A /* OpenAPIRuntime in Frameworks */ = {isa = PBXBuildFile; productRef = E209B6702B99EA5E008E925A /* OpenAPIRuntime */; };
		E231099E2B99ECDB00A2B297 /* NearestStationsService.swift in Sources */ = {isa = PBXBuildFile; fileRef = E231099D2B99ECDB00A2B297 /* NearestStationsService.swift */; };
		E29C56B72B90C5350024E9C5 /* Travel_ScheduleApp.swift in Sources */ = {isa = PBXBuildFile; fileRef = E29C56B62B90C5350024E9C5 /* Travel_ScheduleApp.swift */; };
		E29C56B92B90C5350024E9C5 /* ContentView.swift in Sources */ = {isa = PBXBuildFile; fileRef = E29C56B82B90C5350024E9C5 /* ContentView.swift */; };
		E29C56BB2B90C5380024E9C5 /* Assets.xcassets in Resources */ = {isa = PBXBuildFile; fileRef = E29C56BA2B90C5380024E9C5 /* Assets.xcassets */; };
		E29C56BE2B90C5380024E9C5 /* Preview Assets.xcassets in Resources */ = {isa = PBXBuildFile; fileRef = E29C56BD2B90C5380024E9C5 /* Preview Assets.xcassets */; };
/* End PBXBuildFile section */

/* Begin PBXFileReference section */
		E209B6592B99E815008E925A /* openapi.yaml */ = {isa = PBXFileReference; fileEncoding = 4; lastKnownFileType = text.yaml; path = openapi.yaml; sourceTree = "<group>"; };
		E209B65B2B99E83E008E925A /* openapi-generator-config.yaml */ = {isa = PBXFileReference; lastKnownFileType = text.yaml; path = "openapi-generator-config.yaml"; sourceTree = "<group>"; };
		E231099D2B99ECDB00A2B297 /* NearestStationsService.swift */ = {isa = PBXFileReference; lastKnownFileType = sourcecode.swift; path = NearestStationsService.swift; sourceTree = "<group>"; };
		E29C56B32B90C5350024E9C5 /* Travel Schedule.app */ = {isa = PBXFileReference; explicitFileType = wrapper.application; includeInIndex = 0; path = "Travel Schedule.app"; sourceTree = BUILT_PRODUCTS_DIR; };
		E29C56B62B90C5350024E9C5 /* Travel_ScheduleApp.swift */ = {isa = PBXFileReference; lastKnownFileType = sourcecode.swift; path = Travel_ScheduleApp.swift; sourceTree = "<group>"; };
		E29C56B82B90C5350024E9C5 /* ContentView.swift */ = {isa = PBXFileReference; lastKnownFileType = sourcecode.swift; path = ContentView.swift; sourceTree = "<group>"; };
		E29C56BA2B90C5380024E9C5 /* Assets.xcassets */ = {isa = PBXFileReference; lastKnownFileType = folder.assetcatalog; path = Assets.xcassets; sourceTree = "<group>"; };
		E29C56BD2B90C5380024E9C5 /* Preview Assets.xcassets */ = {isa = PBXFileReference; lastKnownFileType = folder.assetcatalog; path = "Preview Assets.xcassets"; sourceTree = "<group>"; };
/* End PBXFileReference section */

/* Begin PBXFrameworksBuildPhase section */
		E29C56B02B90C5350024E9C5 /* Frameworks */ = {
			isa = PBXFrameworksBuildPhase;
			buildActionMask = 2147483647;
			files = (
				E209B66E2B99EA56008E925A /* OpenAPIURLSession in Frameworks */,
				E209B6712B99EA5E008E925A /* OpenAPIRuntime in Frameworks */,
			);
			runOnlyForDeploymentPostprocessing = 0;
		};
/* End PBXFrameworksBuildPhase section */

/* Begin PBXGroup section */
		E209B6602B99E8F7008E925A /* Frameworks */ = {
			isa = PBXGroup;
			children = (
			);
			name = Frameworks;
			sourceTree = "<group>";
		};
		E209B6742B99EC42008E925A /* OpenAPI */ = {
			isa = PBXGroup;
			children = (
				E209B6592B99E815008E925A /* openapi.yaml */,
				E209B65B2B99E83E008E925A /* openapi-generator-config.yaml */,
			);
			path = OpenAPI;
			sourceTree = "<group>";
		};
		E29C56AA2B90C5350024E9C5 = {
			isa = PBXGroup;
			children = (
				E29C56B52B90C5350024E9C5 /* Travel Schedule */,
				E29C56B42B90C5350024E9C5 /* Products */,
				E209B6602B99E8F7008E925A /* Frameworks */,
			);
			sourceTree = "<group>";
		};
		E29C56B42B90C5350024E9C5 /* Products */ = {
			isa = PBXGroup;
			children = (
				E29C56B32B90C5350024E9C5 /* Travel Schedule.app */,
			);
			name = Products;
			sourceTree = "<group>";
		};
		E29C56B52B90C5350024E9C5 /* Travel Schedule */ = {
			isa = PBXGroup;
			children = (
				E209B6742B99EC42008E925A /* OpenAPI */,
				E29C56B62B90C5350024E9C5 /* Travel_ScheduleApp.swift */,
				E29C56B82B90C5350024E9C5 /* ContentView.swift */,
				E29C56BA2B90C5380024E9C5 /* Assets.xcassets */,
				E29C56BC2B90C5380024E9C5 /* Preview Content */,
				E231099D2B99ECDB00A2B297 /* NearestStationsService.swift */,
			);
			path = "Travel Schedule";
			sourceTree = "<group>";
		};
		E29C56BC2B90C5380024E9C5 /* Preview Content */ = {
			isa = PBXGroup;
			children = (
				E29C56BD2B90C5380024E9C5 /* Preview Assets.xcassets */,
			);
			path = "Preview Content";
			sourceTree = "<group>";
		};
/* End PBXGroup section */

/* Begin PBXNativeTarget section */
		E29C56B22B90C5350024E9C5 /* Travel Schedule */ = {
			isa = PBXNativeTarget;
			buildConfigurationList = E29C56C12B90C5380024E9C5 /* Build configuration list for PBXNativeTarget "Travel Schedule" */;
			buildPhases = (
				E29C56AF2B90C5350024E9C5 /* Sources */,
				E29C56B02B90C5350024E9C5 /* Frameworks */,
				E29C56B12B90C5350024E9C5 /* Resources */,
			);
			buildRules = (
			);
			dependencies = (
				E209B65E2B99E86C008E925A /* PBXTargetDependency */,
			);
			name = "Travel Schedule";
			packageProductDependencies = (
				E209B66D2B99EA56008E925A /* OpenAPIURLSession */,
				E209B6702B99EA5E008E925A /* OpenAPIRuntime */,
			);
			productName = "Travel Schedule";
			productReference = E29C56B32B90C5350024E9C5 /* Travel Schedule.app */;
			productType = "com.apple.product-type.application";
		};
/* End PBXNativeTarget section */

/* Begin PBXProject section */
		E29C56AB2B90C5350024E9C5 /* Project object */ = {
			isa = PBXProject;
			attributes = {
				BuildIndependentTargetsInParallel = 1;
				LastSwiftUpdateCheck = 1500;
				LastUpgradeCheck = 1500;
				TargetAttributes = {
					E29C56B22B90C5350024E9C5 = {
						CreatedOnToolsVersion = 15.0;
					};
				};
			};
			buildConfigurationList = E29C56AE2B90C5350024E9C5 /* Build configuration list for PBXProject "Travel Schedule" */;
			compatibilityVersion = "Xcode 14.0";
			developmentRegion = en;
			hasScannedForEncodings = 0;
			knownRegions = (
				en,
				Base,
			);
			mainGroup = E29C56AA2B90C5350024E9C5;
			packageReferences = (
				E209B6672B99EA4F008E925A /* XCRemoteSwiftPackageReference "swift-openapi-generator" */,
				E209B66C2B99EA56008E925A /* XCRemoteSwiftPackageReference "swift-openapi-urlsession" */,
				E209B66F2B99EA5E008E925A /* XCRemoteSwiftPackageReference "swift-openapi-runtime" */,
			);
			productRefGroup = E29C56B42B90C5350024E9C5 /* Products */;
			projectDirPath = "";
			projectRoot = "";
			targets = (
				E29C56B22B90C5350024E9C5 /* Travel Schedule */,
			);
		};
/* End PBXProject section */

/* Begin PBXResourcesBuildPhase section */
		E29C56B12B90C5350024E9C5 /* Resources */ = {
			isa = PBXResourcesBuildPhase;
			buildActionMask = 2147483647;
			files = (
				E29C56BE2B90C5380024E9C5 /* Preview Assets.xcassets in Resources */,
				E209B65C2B99E83E008E925A /* openapi-generator-config.yaml in Resources */,
				E29C56BB2B90C5380024E9C5 /* Assets.xcassets in Resources */,
				E209B65A2B99E815008E925A /* openapi.yaml in Resources */,
			);
			runOnlyForDeploymentPostprocessing = 0;
		};
/* End PBXResourcesBuildPhase section */

/* Begin PBXSourcesBuildPhase section */
		E29C56AF2B90C5350024E9C5 /* Sources */ = {
			isa = PBXSourcesBuildPhase;
			buildActionMask = 2147483647;
			files = (
				E29C56B92B90C5350024E9C5 /* ContentView.swift in Sources */,
				E231099E2B99ECDB00A2B297 /* NearestStationsService.swift in Sources */,
				E29C56B72B90C5350024E9C5 /* Travel_ScheduleApp.swift in Sources */,
			);
			runOnlyForDeploymentPostprocessing = 0;
		};
/* End PBXSourcesBuildPhase section */

/* Begin PBXTargetDependency section */
		E209B65E2B99E86C008E925A /* PBXTargetDependency */ = {
			isa = PBXTargetDependency;
			productRef = E209B65D2B99E86C008E925A /* OpenAPIGenerator */;
		};
/* End PBXTargetDependency section */

/* Begin XCBuildConfiguration section */
		E29C56BF2B90C5380024E9C5 /* Debug */ = {
			isa = XCBuildConfiguration;
			buildSettings = {
				ALWAYS_SEARCH_USER_PATHS = NO;
				ASSETCATALOG_COMPILER_GENERATE_SWIFT_ASSET_SYMBOL_EXTENSIONS = YES;
				CLANG_ANALYZER_NONNULL = YES;
				CLANG_ANALYZER_NUMBER_OBJECT_CONVERSION = YES_AGGRESSIVE;
				CLANG_CXX_LANGUAGE_STANDARD = "gnu++20";
				CLANG_ENABLE_MODULES = YES;
				CLANG_ENABLE_OBJC_ARC = YES;
				CLANG_ENABLE_OBJC_WEAK = YES;
				CLANG_WARN_BLOCK_CAPTURE_AUTORELEASING = YES;
				CLANG_WARN_BOOL_CONVERSION = YES;
				CLANG_WARN_COMMA = YES;
				CLANG_WARN_CONSTANT_CONVERSION = YES;
				CLANG_WARN_DEPRECATED_OBJC_IMPLEMENTATIONS = YES;
				CLANG_WARN_DIRECT_OBJC_ISA_USAGE = YES_ERROR;
				CLANG_WARN_DOCUMENTATION_COMMENTS = YES;
				CLANG_WARN_EMPTY_BODY = YES;
				CLANG_WARN_ENUM_CONVERSION = YES;
				CLANG_WARN_INFINITE_RECURSION = YES;
				CLANG_WARN_INT_CONVERSION = YES;
				CLANG_WARN_NON_LITERAL_NULL_CONVERSION = YES;
				CLANG_WARN_OBJC_IMPLICIT_RETAIN_SELF = YES;
				CLANG_WARN_OBJC_LITERAL_CONVERSION = YES;
				CLANG_WARN_OBJC_ROOT_CLASS = YES_ERROR;
				CLANG_WARN_QUOTED_INCLUDE_IN_FRAMEWORK_HEADER = YES;
				CLANG_WARN_RANGE_LOOP_ANALYSIS = YES;
				CLANG_WARN_STRICT_PROTOTYPES = YES;
				CLANG_WARN_SUSPICIOUS_MOVE = YES;
				CLANG_WARN_UNGUARDED_AVAILABILITY = YES_AGGRESSIVE;
				CLANG_WARN_UNREACHABLE_CODE = YES;
				CLANG_WARN__DUPLICATE_METHOD_MATCH = YES;
				COPY_PHASE_STRIP = NO;
				DEBUG_INFORMATION_FORMAT = dwarf;
				ENABLE_STRICT_OBJC_MSGSEND = YES;
				ENABLE_TESTABILITY = YES;
				ENABLE_USER_SCRIPT_SANDBOXING = YES;
				GCC_C_LANGUAGE_STANDARD = gnu17;
				GCC_DYNAMIC_NO_PIC = NO;
				GCC_NO_COMMON_BLOCKS = YES;
				GCC_OPTIMIZATION_LEVEL = 0;
				GCC_PREPROCESSOR_DEFINITIONS = (
					"DEBUG=1",
					"$(inherited)",
				);
				GCC_WARN_64_TO_32_BIT_CONVERSION = YES;
				GCC_WARN_ABOUT_RETURN_TYPE = YES_ERROR;
				GCC_WARN_UNDECLARED_SELECTOR = YES;
				GCC_WARN_UNINITIALIZED_AUTOS = YES_AGGRESSIVE;
				GCC_WARN_UNUSED_FUNCTION = YES;
				GCC_WARN_UNUSED_VARIABLE = YES;
				IPHONEOS_DEPLOYMENT_TARGET = 17.0;
				LOCALIZATION_PREFERS_STRING_CATALOGS = YES;
				MTL_ENABLE_DEBUG_INFO = INCLUDE_SOURCE;
				MTL_FAST_MATH = YES;
				ONLY_ACTIVE_ARCH = YES;
				SDKROOT = iphoneos;
				SWIFT_ACTIVE_COMPILATION_CONDITIONS = "DEBUG $(inherited)";
				SWIFT_OPTIMIZATION_LEVEL = "-Onone";
			};
			name = Debug;
		};
		E29C56C02B90C5380024E9C5 /* Release */ = {
			isa = XCBuildConfiguration;
			buildSettings = {
				ALWAYS_SEARCH_USER_PATHS = NO;
				ASSETCATALOG_COMPILER_GENERATE_SWIFT_ASSET_SYMBOL_EXTENSIONS = YES;
				CLANG_ANALYZER_NONNULL = YES;
				CLANG_ANALYZER_NUMBER_OBJECT_CONVERSION = YES_AGGRESSIVE;
				CLANG_CXX_LANGUAGE_STANDARD = "gnu++20";
				CLANG_ENABLE_MODULES = YES;
				CLANG_ENABLE_OBJC_ARC = YES;
				CLANG_ENABLE_OBJC_WEAK = YES;
				CLANG_WARN_BLOCK_CAPTURE_AUTORELEASING = YES;
				CLANG_WARN_BOOL_CONVERSION = YES;
				CLANG_WARN_COMMA = YES;
				CLANG_WARN_CONSTANT_CONVERSION = YES;
				CLANG_WARN_DEPRECATED_OBJC_IMPLEMENTATIONS = YES;
				CLANG_WARN_DIRECT_OBJC_ISA_USAGE = YES_ERROR;
				CLANG_WARN_DOCUMENTATION_COMMENTS = YES;
				CLANG_WARN_EMPTY_BODY = YES;
				CLANG_WARN_ENUM_CONVERSION = YES;
				CLANG_WARN_INFINITE_RECURSION = YES;
				CLANG_WARN_INT_CONVERSION = YES;
				CLANG_WARN_NON_LITERAL_NULL_CONVERSION = YES;
				CLANG_WARN_OBJC_IMPLICIT_RETAIN_SELF = YES;
				CLANG_WARN_OBJC_LITERAL_CONVERSION = YES;
				CLANG_WARN_OBJC_ROOT_CLASS = YES_ERROR;
				CLANG_WARN_QUOTED_INCLUDE_IN_FRAMEWORK_HEADER = YES;
				CLANG_WARN_RANGE_LOOP_ANALYSIS = YES;
				CLANG_WARN_STRICT_PROTOTYPES = YES;
				CLANG_WARN_SUSPICIOUS_MOVE = YES;
				CLANG_WARN_UNGUARDED_AVAILABILITY = YES_AGGRESSIVE;
				CLANG_WARN_UNREACHABLE_CODE = YES;
				CLANG_WARN__DUPLICATE_METHOD_MATCH = YES;
				COPY_PHASE_STRIP = NO;
				DEBUG_INFORMATION_FORMAT = "dwarf-with-dsym";
				ENABLE_NS_ASSERTIONS = NO;
				ENABLE_STRICT_OBJC_MSGSEND = YES;
				ENABLE_USER_SCRIPT_SANDBOXING = YES;
				GCC_C_LANGUAGE_STANDARD = gnu17;
				GCC_NO_COMMON_BLOCKS = YES;
				GCC_WARN_64_TO_32_BIT_CONVERSION = YES;
				GCC_WARN_ABOUT_RETURN_TYPE = YES_ERROR;
				GCC_WARN_UNDECLARED_SELECTOR = YES;
				GCC_WARN_UNINITIALIZED_AUTOS = YES_AGGRESSIVE;
				GCC_WARN_UNUSED_FUNCTION = YES;
				GCC_WARN_UNUSED_VARIABLE = YES;
				IPHONEOS_DEPLOYMENT_TARGET = 17.0;
				LOCALIZATION_PREFERS_STRING_CATALOGS = YES;
				MTL_ENABLE_DEBUG_INFO = NO;
				MTL_FAST_MATH = YES;
				SDKROOT = iphoneos;
				SWIFT_COMPILATION_MODE = wholemodule;
				VALIDATE_PRODUCT = YES;
			};
			name = Release;
		};
		E29C56C22B90C5380024E9C5 /* Debug */ = {
			isa = XCBuildConfiguration;
			buildSettings = {
				ASSETCATALOG_COMPILER_APPICON_NAME = AppIcon;
				ASSETCATALOG_COMPILER_GLOBAL_ACCENT_COLOR_NAME = AccentColor;
				CODE_SIGN_STYLE = Automatic;
				CURRENT_PROJECT_VERSION = 1;
				DEVELOPMENT_ASSET_PATHS = "\"Travel Schedule/Preview Content\"";
				DEVELOPMENT_TEAM = G2Z3KJVPLW;
				ENABLE_PREVIEWS = YES;
				GENERATE_INFOPLIST_FILE = YES;
				INFOPLIST_KEY_UIApplicationSceneManifest_Generation = YES;
				INFOPLIST_KEY_UIApplicationSupportsIndirectInputEvents = YES;
				INFOPLIST_KEY_UILaunchScreen_Generation = YES;
				INFOPLIST_KEY_UISupportedInterfaceOrientations = UIInterfaceOrientationPortrait;
				IPHONEOS_DEPLOYMENT_TARGET = 15.0;
				LD_RUNPATH_SEARCH_PATHS = (
					"$(inherited)",
					"@executable_path/Frameworks",
				);
				MARKETING_VERSION = 1.0;
				PRODUCT_BUNDLE_IDENTIFIER = "com.agaripov.Travel-Schedule";
				PRODUCT_NAME = "$(TARGET_NAME)";
				SUPPORTED_PLATFORMS = "iphoneos iphonesimulator";
				SUPPORTS_MACCATALYST = NO;
				SUPPORTS_MAC_DESIGNED_FOR_IPHONE_IPAD = NO;
				SWIFT_EMIT_LOC_STRINGS = YES;
				SWIFT_VERSION = 5.0;
				TARGETED_DEVICE_FAMILY = 1;
			};
			name = Debug;
		};
		E29C56C32B90C5380024E9C5 /* Release */ = {
			isa = XCBuildConfiguration;
			buildSettings = {
				ASSETCATALOG_COMPILER_APPICON_NAME = AppIcon;
				ASSETCATALOG_COMPILER_GLOBAL_ACCENT_COLOR_NAME = AccentColor;
				CODE_SIGN_STYLE = Automatic;
				CURRENT_PROJECT_VERSION = 1;
				DEVELOPMENT_ASSET_PATHS = "\"Travel Schedule/Preview Content\"";
				DEVELOPMENT_TEAM = G2Z3KJVPLW;
				ENABLE_PREVIEWS = YES;
				GENERATE_INFOPLIST_FILE = YES;
				INFOPLIST_KEY_UIApplicationSceneManifest_Generation = YES;
				INFOPLIST_KEY_UIApplicationSupportsIndirectInputEvents = YES;
				INFOPLIST_KEY_UILaunchScreen_Generation = YES;
				INFOPLIST_KEY_UISupportedInterfaceOrientations = UIInterfaceOrientationPortrait;
				IPHONEOS_DEPLOYMENT_TARGET = 15.0;
				LD_RUNPATH_SEARCH_PATHS = (
					"$(inherited)",
					"@executable_path/Frameworks",
				);
				MARKETING_VERSION = 1.0;
				PRODUCT_BUNDLE_IDENTIFIER = "com.agaripov.Travel-Schedule";
				PRODUCT_NAME = "$(TARGET_NAME)";
				SUPPORTED_PLATFORMS = "iphoneos iphonesimulator";
				SUPPORTS_MACCATALYST = NO;
				SUPPORTS_MAC_DESIGNED_FOR_IPHONE_IPAD = NO;
				SWIFT_EMIT_LOC_STRINGS = YES;
				SWIFT_VERSION = 5.0;
				TARGETED_DEVICE_FAMILY = 1;
			};
			name = Release;
		};
/* End XCBuildConfiguration section */

/* Begin XCConfigurationList section */
		E29C56AE2B90C5350024E9C5 /* Build configuration list for PBXProject "Travel Schedule" */ = {
			isa = XCConfigurationList;
			buildConfigurations = (
				E29C56BF2B90C5380024E9C5 /* Debug */,
				E29C56C02B90C5380024E9C5 /* Release */,
			);
			defaultConfigurationIsVisible = 0;
			defaultConfigurationName = Release;
		};
		E29C56C12B90C5380024E9C5 /* Build configuration list for PBXNativeTarget "Travel Schedule" */ = {
			isa = XCConfigurationList;
			buildConfigurations = (
				E29C56C22B90C5380024E9C5 /* Debug */,
				E29C56C32B90C5380024E9C5 /* Release */,
			);
			defaultConfigurationIsVisible = 0;
			defaultConfigurationName = Release;
		};
/* End XCConfigurationList section */

/* Begin XCRemoteSwiftPackageReference section */
		E209B6462B99E254008E925A /* XCRemoteSwiftPackageReference "swift-openapi-generator" */ = {
			isa = XCRemoteSwiftPackageReference;
			repositoryURL = "https://github.com/apple/swift-openapi-generator";
			requirement = {
				kind = upToNextMajorVersion;
				minimumVersion = 1.2.1;
			};
		};
		E209B6672B99EA4F008E925A /* XCRemoteSwiftPackageReference "swift-openapi-generator" */ = {
			isa = XCRemoteSwiftPackageReference;
			repositoryURL = "https://github.com/apple/swift-openapi-generator";
			requirement = {
				kind = upToNextMajorVersion;
				minimumVersion = 1.2.1;
			};
		};
		E209B66C2B99EA56008E925A /* XCRemoteSwiftPackageReference "swift-openapi-urlsession" */ = {
			isa = XCRemoteSwiftPackageReference;
			repositoryURL = "https://github.com/apple/swift-openapi-urlsession";
			requirement = {
				kind = upToNextMajorVersion;
				minimumVersion = 1.0.1;
			};
		};
		E209B66F2B99EA5E008E925A /* XCRemoteSwiftPackageReference "swift-openapi-runtime" */ = {
			isa = XCRemoteSwiftPackageReference;
			repositoryURL = "https://github.com/apple/swift-openapi-runtime";
			requirement = {
				kind = upToNextMajorVersion;
				minimumVersion = 1.3.2;
			};
		};
/* End XCRemoteSwiftPackageReference section */

/* Begin XCSwiftPackageProductDependency section */
		E209B65D2B99E86C008E925A /* OpenAPIGenerator */ = {
			isa = XCSwiftPackageProductDependency;
			package = E209B6462B99E254008E925A /* XCRemoteSwiftPackageReference "swift-openapi-generator" */;
			productName = "plugin:OpenAPIGenerator";
		};
		E209B66D2B99EA56008E925A /* OpenAPIURLSession */ = {
			isa = XCSwiftPackageProductDependency;
			package = E209B66C2B99EA56008E925A /* XCRemoteSwiftPackageReference "swift-openapi-urlsession" */;
			productName = OpenAPIURLSession;
		};
		E209B6702B99EA5E008E925A /* OpenAPIRuntime */ = {
			isa = XCSwiftPackageProductDependency;
			package = E209B66F2B99EA5E008E925A /* XCRemoteSwiftPackageReference "swift-openapi-runtime" */;
			productName = OpenAPIRuntime;
		};
/* End XCSwiftPackageProductDependency section */
	};
	rootObject = E29C56AB2B90C5350024E9C5 /* Project object */;
}
